
Microsoft Visual Studio Solution File, Format Version 12.00
# Visual Studio 15
VisualStudioVersion = 15.0.26228.9
MinimumVisualStudioVersion = 10.0.40219.1
Project("{FAE04EC0-301F-11D3-BF4B-00C04F79EFBC}") = "Proyecto.Android", "Proyecto\Proyecto.Android\Proyecto.Android.csproj", "{5C6CC9D6-DE84-4BC2-81C0-F0B856CD81AF}"
EndProject
Project("{FAE04EC0-301F-11D3-BF4B-00C04F79EFBC}") = "Proyecto", "Proyecto\Proyecto\Proyecto.csproj", "{4E017983-60E2-4E15-9DD3-7657ADC1EFB6}"
EndProject
Project("{FAE04EC0-301F-11D3-BF4B-00C04F79EFBC}") = "Proyecto.iOS", "Proyecto\Proyecto.iOS\Proyecto.iOS.csproj", "{4448F5BF-495F-4214-8E4C-62A0D29C9662}"
EndProject
Global
	GlobalSection(SolutionConfigurationPlatforms) = preSolution
		Ad-Hoc|Any CPU = Ad-Hoc|Any CPU
		Ad-Hoc|iPhone = Ad-Hoc|iPhone
		Ad-Hoc|iPhoneSimulator = Ad-Hoc|iPhoneSimulator
		AppStore|Any CPU = AppStore|Any CPU
		AppStore|iPhone = AppStore|iPhone
		AppStore|iPhoneSimulator = AppStore|iPhoneSimulator
		Debug|Any CPU = Debug|Any CPU
		Debug|iPhone = Debug|iPhone
		Debug|iPhoneSimulator = Debug|iPhoneSimulator
		Release|Any CPU = Release|Any CPU
		Release|iPhone = Release|iPhone
		Release|iPhoneSimulator = Release|iPhoneSimulator
	EndGlobalSection
	GlobalSection(ProjectConfigurationPlatforms) = postSolution
		{5C6CC9D6-DE84-4BC2-81C0-F0B856CD81AF}.Ad-Hoc|Any CPU.ActiveCfg = Release|Any CPU
		{5C6CC9D6-DE84-4BC2-81C0-F0B856CD81AF}.Ad-Hoc|Any CPU.Build.0 = Release|Any CPU
		{5C6CC9D6-DE84-4BC2-81C0-F0B856CD81AF}.Ad-Hoc|Any CPU.Deploy.0 = Release|Any CPU
		{5C6CC9D6-DE84-4BC2-81C0-F0B856CD81AF}.Ad-Hoc|iPhone.ActiveCfg = Release|Any CPU
		{5C6CC9D6-DE84-4BC2-81C0-F0B856CD81AF}.Ad-Hoc|iPhone.Build.0 = Release|Any CPU
		{5C6CC9D6-DE84-4BC2-81C0-F0B856CD81AF}.Ad-Hoc|iPhone.Deploy.0 = Release|Any CPU
		{5C6CC9D6-DE84-4BC2-81C0-F0B856CD81AF}.Ad-Hoc|iPhoneSimulator.ActiveCfg = Release|Any CPU
		{5C6CC9D6-DE84-4BC2-81C0-F0B856CD81AF}.Ad-Hoc|iPhoneSimulator.Build.0 = Release|Any CPU
		{5C6CC9D6-DE84-4BC2-81C0-F0B856CD81AF}.Ad-Hoc|iPhoneSimulator.Deploy.0 = Release|Any CPU
		{5C6CC9D6-DE84-4BC2-81C0-F0B856CD81AF}.AppStore|Any CPU.ActiveCfg = Release|Any CPU
		{5C6CC9D6-DE84-4BC2-81C0-F0B856CD81AF}.AppStore|Any CPU.Build.0 = Release|Any CPU
		{5C6CC9D6-DE84-4BC2-81C0-F0B856CD81AF}.AppStore|Any CPU.Deploy.0 = Release|Any CPU
		{5C6CC9D6-DE84-4BC2-81C0-F0B856CD81AF}.AppStore|iPhone.ActiveCfg = Release|Any CPU
		{5C6CC9D6-DE84-4BC2-81C0-F0B856CD81AF}.AppStore|iPhone.Build.0 = Release|Any CPU
		{5C6CC9D6-DE84-4BC2-81C0-F0B856CD81AF}.AppStore|iPhone.Deploy.0 = Release|Any CPU
		{5C6CC9D6-DE84-4BC2-81C0-F0B856CD81AF}.AppStore|iPhoneSimulator.ActiveCfg = Release|Any CPU
		{5C6CC9D6-DE84-4BC2-81C0-F0B856CD81AF}.AppStore|iPhoneSimulator.Build.0 = Release|Any CPU
		{5C6CC9D6-DE84-4BC2-81C0-F0B856CD81AF}.AppStore|iPhoneSimulator.Deploy.0 = Release|Any CPU
		{5C6CC9D6-DE84-4BC2-81C0-F0B856CD81AF}.Debug|Any CPU.ActiveCfg = Debug|Any CPU
		{5C6CC9D6-DE84-4BC2-81C0-F0B856CD81AF}.Debug|Any CPU.Build.0 = Debug|Any CPU
		{5C6CC9D6-DE84-4BC2-81C0-F0B856CD81AF}.Debug|Any CPU.Deploy.0 = Debug|Any CPU
		{5C6CC9D6-DE84-4BC2-81C0-F0B856CD81AF}.Debug|iPhone.ActiveCfg = Debug|Any CPU
		{5C6CC9D6-DE84-4BC2-81C0-F0B856CD81AF}.Debug|iPhone.Build.0 = Debug|Any CPU
		{5C6CC9D6-DE84-4BC2-81C0-F0B856CD81AF}.Debug|iPhone.Deploy.0 = Debug|Any CPU
		{5C6CC9D6-DE84-4BC2-81C0-F0B856CD81AF}.Debug|iPhoneSimulator.ActiveCfg = Debug|Any CPU
		{5C6CC9D6-DE84-4BC2-81C0-F0B856CD81AF}.Debug|iPhoneSimulator.Build.0 = Debug|Any CPU
		{5C6CC9D6-DE84-4BC2-81C0-F0B856CD81AF}.Debug|iPhoneSimulator.Deploy.0 = Debug|Any CPU
		{5C6CC9D6-DE84-4BC2-81C0-F0B856CD81AF}.Release|Any CPU.ActiveCfg = Release|Any CPU
		{5C6CC9D6-DE84-4BC2-81C0-F0B856CD81AF}.Release|Any CPU.Build.0 = Release|Any CPU
		{5C6CC9D6-DE84-4BC2-81C0-F0B856CD81AF}.Release|Any CPU.Deploy.0 = Release|Any CPU
		{5C6CC9D6-DE84-4BC2-81C0-F0B856CD81AF}.Release|iPhone.ActiveCfg = Release|Any CPU
		{5C6CC9D6-DE84-4BC2-81C0-F0B856CD81AF}.Release|iPhone.Build.0 = Release|Any CPU
		{5C6CC9D6-DE84-4BC2-81C0-F0B856CD81AF}.Release|iPhone.Deploy.0 = Release|Any CPU
		{5C6CC9D6-DE84-4BC2-81C0-F0B856CD81AF}.Release|iPhoneSimulator.ActiveCfg = Release|Any CPU
		{5C6CC9D6-DE84-4BC2-81C0-F0B856CD81AF}.Release|iPhoneSimulator.Build.0 = Release|Any CPU
		{5C6CC9D6-DE84-4BC2-81C0-F0B856CD81AF}.Release|iPhoneSimulator.Deploy.0 = Release|Any CPU
		{4E017983-60E2-4E15-9DD3-7657ADC1EFB6}.Ad-Hoc|Any CPU.ActiveCfg = Release|Any CPU
		{4E017983-60E2-4E15-9DD3-7657ADC1EFB6}.Ad-Hoc|Any CPU.Build.0 = Release|Any CPU
		{4E017983-60E2-4E15-9DD3-7657ADC1EFB6}.Ad-Hoc|iPhone.ActiveCfg = Release|Any CPU
		{4E017983-60E2-4E15-9DD3-7657ADC1EFB6}.Ad-Hoc|iPhone.Build.0 = Release|Any CPU
		{4E017983-60E2-4E15-9DD3-7657ADC1EFB6}.Ad-Hoc|iPhoneSimulator.ActiveCfg = Release|Any CPU
		{4E017983-60E2-4E15-9DD3-7657ADC1EFB6}.Ad-Hoc|iPhoneSimulator.Build.0 = Release|Any CPU
		{4E017983-60E2-4E15-9DD3-7657ADC1EFB6}.AppStore|Any CPU.ActiveCfg = Release|Any CPU
		{4E017983-60E2-4E15-9DD3-7657ADC1EFB6}.AppStore|Any CPU.Build.0 = Release|Any CPU
		{4E017983-60E2-4E15-9DD3-7657ADC1EFB6}.AppStore|iPhone.ActiveCfg = Release|Any CPU
		{4E017983-60E2-4E15-9DD3-7657ADC1EFB6}.AppStore|iPhone.Build.0 = Release|Any CPU
		{4E017983-60E2-4E15-9DD3-7657ADC1EFB6}.AppStore|iPhoneSimulator.ActiveCfg = Release|Any CPU
		{4E017983-60E2-4E15-9DD3-7657ADC1EFB6}.AppStore|iPhoneSimulator.Build.0 = Release|Any CPU
		{4E017983-60E2-4E15-9DD3-7657ADC1EFB6}.Debug|Any CPU.ActiveCfg = Debug|Any CPU
		{4E017983-60E2-4E15-9DD3-7657ADC1EFB6}.Debug|Any CPU.Build.0 = Debug|Any CPU
		{4E017983-60E2-4E15-9DD3-7657ADC1EFB6}.Debug|iPhone.ActiveCfg = Debug|Any CPU
		{4E017983-60E2-4E15-9DD3-7657ADC1EFB6}.Debug|iPhone.Build.0 = Debug|Any CPU
		{4E017983-60E2-4E15-9DD3-7657ADC1EFB6}.Debug|iPhoneSimulator.ActiveCfg = Debug|Any CPU
		{4E017983-60E2-4E15-9DD3-7657ADC1EFB6}.Debug|iPhoneSimulator.Build.0 = Debug|Any CPU
		{4E017983-60E2-4E15-9DD3-7657ADC1EFB6}.Release|Any CPU.ActiveCfg = Release|Any CPU
		{4E017983-60E2-4E15-9DD3-7657ADC1EFB6}.Release|Any CPU.Build.0 = Release|Any CPU
		{4E017983-60E2-4E15-9DD3-7657ADC1EFB6}.Release|iPhone.ActiveCfg = Release|Any CPU
		{4E017983-60E2-4E15-9DD3-7657ADC1EFB6}.Release|iPhone.Build.0 = Release|Any CPU
		{4E017983-60E2-4E15-9DD3-7657ADC1EFB6}.Release|iPhoneSimulator.ActiveCfg = Release|Any CPU
		{4E017983-60E2-4E15-9DD3-7657ADC1EFB6}.Release|iPhoneSimulator.Build.0 = Release|Any CPU
		{4448F5BF-495F-4214-8E4C-62A0D29C9662}.Ad-Hoc|Any CPU.ActiveCfg = Ad-Hoc|iPhone
		{4448F5BF-495F-4214-8E4C-62A0D29C9662}.Ad-Hoc|iPhone.ActiveCfg = Ad-Hoc|iPhone
		{4448F5BF-495F-4214-8E4C-62A0D29C9662}.Ad-Hoc|iPhone.Build.0 = Ad-Hoc|iPhone
		{4448F5BF-495F-4214-8E4C-62A0D29C9662}.Ad-Hoc|iPhoneSimulator.ActiveCfg = Ad-Hoc|iPhoneSimulator
		{4448F5BF-495F-4214-8E4C-62A0D29C9662}.Ad-Hoc|iPhoneSimulator.Build.0 = Ad-Hoc|iPhoneSimulator
		{4448F5BF-495F-4214-8E4C-62A0D29C9662}.AppStore|Any CPU.ActiveCfg = AppStore|iPhone
		{4448F5BF-495F-4214-8E4C-62A0D29C9662}.AppStore|iPhone.ActiveCfg = AppStore|iPhone
		{4448F5BF-495F-4214-8E4C-62A0D29C9662}.AppStore|iPhone.Build.0 = AppStore|iPhone
		{4448F5BF-495F-4214-8E4C-62A0D29C9662}.AppStore|iPhoneSimulator.ActiveCfg = AppStore|iPhoneSimulator
		{4448F5BF-495F-4214-8E4C-62A0D29C9662}.AppStore|iPhoneSimulator.Build.0 = AppStore|iPhoneSimulator
		{4448F5BF-495F-4214-8E4C-62A0D29C9662}.Debug|Any CPU.ActiveCfg = Debug|iPhone
		{4448F5BF-495F-4214-8E4C-62A0D29C9662}.Debug|iPhone.ActiveCfg = Debug|iPhone
		{4448F5BF-495F-4214-8E4C-62A0D29C9662}.Debug|iPhone.Build.0 = Debug|iPhone
		{4448F5BF-495F-4214-8E4C-62A0D29C9662}.Debug|iPhoneSimulator.ActiveCfg = Debug|iPhoneSimulator
		{4448F5BF-495F-4214-8E4C-62A0D29C9662}.Debug|iPhoneSimulator.Build.0 = Debug|iPhoneSimulator
		{4448F5BF-495F-4214-8E4C-62A0D29C9662}.Release|Any CPU.ActiveCfg = Release|iPhone
		{4448F5BF-495F-4214-8E4C-62A0D29C9662}.Release|iPhone.ActiveCfg = Release|iPhone
		{4448F5BF-495F-4214-8E4C-62A0D29C9662}.Release|iPhone.Build.0 = Release|iPhone
		{4448F5BF-495F-4214-8E4C-62A0D29C9662}.Release|iPhoneSimulator.ActiveCfg = Release|iPhoneSimulator
		{4448F5BF-495F-4214-8E4C-62A0D29C9662}.Release|iPhoneSimulator.Build.0 = Release|iPhoneSimulator
	EndGlobalSection
	GlobalSection(SolutionProperties) = preSolution
		HideSolutionNode = FALSE
	EndGlobalSection
EndGlobal
